
Microsoft Visual Studio Solution File, Format Version 12.00
# Visual Studio Version 17
VisualStudioVersion = 17.6.33815.320
MinimumVisualStudioVersion = 10.0.40219.1
Project("{FAE04EC0-301F-11D3-BF4B-00C04F79EFBC}") = "lab_05", "lab_05.csproj", "{B71C271E-346D-4109-8EA7-FF94A8994EA5}"
EndProject
Global
	GlobalSection(SolutionConfigurationPlatforms) = preSolution
		Debug|Any CPU = Debug|Any CPU
		Release|Any CPU = Release|Any CPU
	EndGlobalSection
	GlobalSection(ProjectConfigurationPlatforms) = postSolution
		{B71C271E-346D-4109-8EA7-FF94A8994EA5}.Debug|Any CPU.ActiveCfg = Debug|Any CPU
		{B71C271E-346D-4109-8EA7-FF94A8994EA5}.Debug|Any CPU.Build.0 = Debug|Any CPU
		{B71C271E-346D-4109-8EA7-FF94A8994EA5}.Release|Any CPU.ActiveCfg = Release|Any CPU
		{B71C271E-346D-4109-8EA7-FF94A8994EA5}.Release|Any CPU.Build.0 = Release|Any CPU
	EndGlobalSection
	GlobalSection(SolutionProperties) = preSolution
		HideSolutionNode = FALSE
	EndGlobalSection
	GlobalSection(ExtensibilityGlobals) = postSolution
		SolutionGuid = {78A68D9C-D06A-44D2-BC08-A499FABD7949}
	EndGlobalSection
EndGlobal
